
Microsoft Visual Studio Solution File, Format Version 12.00
# Visual Studio 15
VisualStudioVersion = 15.0.28307.852
MinimumVisualStudioVersion = 10.0.40219.1
Project("{FAE04EC0-301F-11D3-BF4B-00C04F79EFBC}") = "WorkshopTestesUnitariosSquad", "WorkshopTestesUnitariosSquad\WorkshopTestesUnitariosSquad.csproj", "{FD108B63-3A8B-4E33-B986-E44A021AAAD9}"
EndProject
Project("{FAE04EC0-301F-11D3-BF4B-00C04F79EFBC}") = "WorkshoptestesUnitariosSquadTests", "WorkshoptestesUnitariosSquadTests\WorkshoptestesUnitariosSquadTests.csproj", "{0E7B4B9D-FA22-4C1D-873D-5B884262E926}"
EndProject
Global
	GlobalSection(SolutionConfigurationPlatforms) = preSolution
		Debug|Any CPU = Debug|Any CPU
		Release|Any CPU = Release|Any CPU
	EndGlobalSection
	GlobalSection(ProjectConfigurationPlatforms) = postSolution
		{FD108B63-3A8B-4E33-B986-E44A021AAAD9}.Debug|Any CPU.ActiveCfg = Debug|Any CPU
		{FD108B63-3A8B-4E33-B986-E44A021AAAD9}.Debug|Any CPU.Build.0 = Debug|Any CPU
		{FD108B63-3A8B-4E33-B986-E44A021AAAD9}.Release|Any CPU.ActiveCfg = Release|Any CPU
		{FD108B63-3A8B-4E33-B986-E44A021AAAD9}.Release|Any CPU.Build.0 = Release|Any CPU
		{0E7B4B9D-FA22-4C1D-873D-5B884262E926}.Debug|Any CPU.ActiveCfg = Debug|Any CPU
		{0E7B4B9D-FA22-4C1D-873D-5B884262E926}.Debug|Any CPU.Build.0 = Debug|Any CPU
		{0E7B4B9D-FA22-4C1D-873D-5B884262E926}.Release|Any CPU.ActiveCfg = Release|Any CPU
		{0E7B4B9D-FA22-4C1D-873D-5B884262E926}.Release|Any CPU.Build.0 = Release|Any CPU
	EndGlobalSection
	GlobalSection(SolutionProperties) = preSolution
		HideSolutionNode = FALSE
	EndGlobalSection
	GlobalSection(ExtensibilityGlobals) = postSolution
		SolutionGuid = {501CB15B-F2C7-44A6-A2F7-DFE306D736E3}
	EndGlobalSection
EndGlobal
